PODS:
  - Realm (2.2.0):
    - Realm/Headers (= 2.2.0)
  - Realm/Headers (2.2.0)
  - RealmSwift (2.2.0):
    - Realm (= 2.2.0)

DEPENDENCIES:
  - RealmSwift

SPEC CHECKSUMS:
  Realm: d95b8fb34c83f1e764b66d319277a62c2b6e4bf5
  RealmSwift: a4fa52d06e946a32ec746b3388374f742e6b8731

PODFILE CHECKSUM: 6f08cf67268011eefc2eb6a0d7daa2d2e5181dda

COCOAPODS: 1.1.1
