// !$*UTF8*$!
{
	archiveVersion = 1;
	classes = {
	};
	objectVersion = 46;
	objects = {

/* Begin PBXBuildFile section */
		3F305B931E775CFB00F9AAE5 /* TodoItemTableViewCell.swift in Sources */ = {isa = PBXBuildFile; fileRef = 3F305B921E775CFB00F9AAE5 /* TodoItemTableViewCell.swift */; };
		3F305B961E77E66900F9AAE5 /* RealmHelper.swift in Sources */ = {isa = PBXBuildFile; fileRef = 3F305B951E77E66900F9AAE5 /* RealmHelper.swift */; };
		3F305B981E77E71200F9AAE5 /* TodoListTableViewController.swift in Sources */ = {isa = PBXBuildFile; fileRef = 3F305B971E77E71200F9AAE5 /* TodoListTableViewController.swift */; };
		3F305B9D1E77F36200F9AAE5 /* Todo.swift in Sources */ = {isa = PBXBuildFile; fileRef = 3F305B9C1E77F36200F9AAE5 /* Todo.swift */; };
		3F305B9F1E77FE8C00F9AAE5 /* DateExtension.swift in Sources */ = {isa = PBXBuildFile; fileRef = 3F305B9E1E77FE8C00F9AAE5 /* DateExtension.swift */; };
		3F44DCBE1E76FDE5009398D8 /* AppDelegate.swift in Sources */ = {isa = PBXBuildFile; fileRef = 3F44DCBD1E76FDE5009398D8 /* AppDelegate.swift */; };
		3F44DCC31E76FDE5009398D8 /* Main.storyboard in Resources */ = {isa = PBXBuildFile; fileRef = 3F44DCC11E76FDE5009398D8 /* Main.storyboard */; };
		3F44DCC51E76FDE5009398D8 /* Assets.xcassets in Resources */ = {isa = PBXBuildFile; fileRef = 3F44DCC41E76FDE5009398D8 /* Assets.xcassets */; };
		3F44DCC81E76FDE5009398D8 /* LaunchScreen.storyboard in Resources */ = {isa = PBXBuildFile; fileRef = 3F44DCC61E76FDE5009398D8 /* LaunchScreen.storyboard */; };
		8E35AEEA8CE3E28F930C7AA9 /* Pods_FitsappTodos.framework in Frameworks */ = {isa = PBXBuildFile; fileRef = C455E62EA971117BA10808F1 /* Pods_FitsappTodos.framework */; };
/* End PBXBuildFile section */

/* Begin PBXFileReference section */
		399BCBD5C7EE2E18FD2A6FB8 /* Pods-FitsappTodos.release.xcconfig */ = {isa = PBXFileReference; includeInIndex = 1; lastKnownFileType = text.xcconfig; name = "Pods-FitsappTodos.release.xcconfig"; path = "Pods/Target Support Files/Pods-FitsappTodos/Pods-FitsappTodos.release.xcconfig"; sourceTree = "<group>"; };
		3F305B921E775CFB00F9AAE5 /* TodoItemTableViewCell.swift */ = {isa = PBXFileReference; fileEncoding = 4; lastKnownFileType = sourcecode.swift; path = TodoItemTableViewCell.swift; sourceTree = "<group>"; };
		3F305B951E77E66900F9AAE5 /* RealmHelper.swift */ = {isa = PBXFileReference; fileEncoding = 4; lastKnownFileType = sourcecode.swift; path = RealmHelper.swift; sourceTree = "<group>"; };
		3F305B971E77E71200F9AAE5 /* TodoListTableViewController.swift */ = {isa = PBXFileReference; fileEncoding = 4; lastKnownFileType = sourcecode.swift; name = TodoListTableViewController.swift; path = ../TodoListTableViewController.swift; sourceTree = "<group>"; };
		3F305B9C1E77F36200F9AAE5 /* Todo.swift */ = {isa = PBXFileReference; fileEncoding = 4; lastKnownFileType = sourcecode.swift; path = Todo.swift; sourceTree = "<group>"; };
		3F305B9E1E77FE8C00F9AAE5 /* DateExtension.swift */ = {isa = PBXFileReference; fileEncoding = 4; lastKnownFileType = sourcecode.swift; path = DateExtension.swift; sourceTree = "<group>"; };
		3F44DCBA1E76FDE5009398D8 /* FitsappTodos.app */ = {isa = PBXFileReference; explicitFileType = wrapper.application; includeInIndex = 0; path = FitsappTodos.app; sourceTree = BUILT_PRODUCTS_DIR; };
		3F44DCBD1E76FDE5009398D8 /* AppDelegate.swift */ = {isa = PBXFileReference; lastKnownFileType = sourcecode.swift; path = AppDelegate.swift; sourceTree = "<group>"; };
		3F44DCC21E76FDE5009398D8 /* Base */ = {isa = PBXFileReference; lastKnownFileType = file.storyboard; name = Base; path = Base.lproj/Main.storyboard; sourceTree = "<group>"; };
		3F44DCC41E76FDE5009398D8 /* Assets.xcassets */ = {isa = PBXFileReference; lastKnownFileType = folder.assetcatalog; path = Assets.xcassets; sourceTree = "<group>"; };
		3F44DCC71E76FDE5009398D8 /* Base */ = {isa = PBXFileReference; lastKnownFileType = file.storyboard; name = Base; path = Base.lproj/LaunchScreen.storyboard; sourceTree = "<group>"; };
		3F44DCC91E76FDE6009398D8 /* Info.plist */ = {isa = PBXFileReference; lastKnownFileType = text.plist.xml; path = Info.plist; sourceTree = "<group>"; };
		84FFB16BC4097E0C6CD425BD /* Pods-FitsappTodos.debug.xcconfig */ = {isa = PBXFileReference; includeInIndex = 1; lastKnownFileType = text.xcconfig; name = "Pods-FitsappTodos.debug.xcconfig"; path = "Pods/Target Support Files/Pods-FitsappTodos/Pods-FitsappTodos.debug.xcconfig"; sourceTree = "<group>"; };
		C455E62EA971117BA10808F1 /* Pods_FitsappTodos.framework */ = {isa = PBXFileReference; explicitFileType = wrapper.framework; includeInIndex = 0; path = Pods_FitsappTodos.framework; sourceTree = BUILT_PRODUCTS_DIR; };
/* End PBXFileReference section */

/* Begin PBXFrameworksBuildPhase section */
		3F44DCB71E76FDE5009398D8 /* Frameworks */ = {
			isa = PBXFrameworksBuildPhase;
			buildActionMask = 2147483647;
			files = (
				8E35AEEA8CE3E28F930C7AA9 /* Pods_FitsappTodos.framework in Frameworks */,
			);
			runOnlyForDeploymentPostprocessing = 0;
		};
/* End PBXFrameworksBuildPhase section */

/* Begin PBXGroup section */
		27572912618190AAF9E9991F /* Frameworks */ = {
			isa = PBXGroup;
			children = (
				C455E62EA971117BA10808F1 /* Pods_FitsappTodos.framework */,
			);
			name = Frameworks;
			sourceTree = "<group>";
		};
		3F305B8F1E775C6A00F9AAE5 /* Helper */ = {
			isa = PBXGroup;
			children = (
				3F44DCBD1E76FDE5009398D8 /* AppDelegate.swift */,
				3F305B951E77E66900F9AAE5 /* RealmHelper.swift */,
				3F305B9E1E77FE8C00F9AAE5 /* DateExtension.swift */,
			);
			name = Helper;
			sourceTree = "<group>";
		};
		3F305B901E775C7D00F9AAE5 /* Controllers */ = {
			isa = PBXGroup;
			children = (
				3F305B971E77E71200F9AAE5 /* TodoListTableViewController.swift */,
			);
			name = Controllers;
			sourceTree = "<group>";
		};
		3F305B911E775C8600F9AAE5 /* Views */ = {
			isa = PBXGroup;
			children = (
				3F305B921E775CFB00F9AAE5 /* TodoItemTableViewCell.swift */,
			);
			name = Views;
			sourceTree = "<group>";
		};
		3F305B941E775DA100F9AAE5 /* Storyboards */ = {
			isa = PBXGroup;
			children = (
				3F44DCC11E76FDE5009398D8 /* Main.storyboard */,
				3F44DCC61E76FDE5009398D8 /* LaunchScreen.storyboard */,
			);
			name = Storyboards;
			sourceTree = "<group>";
		};
		3F305B9B1E77F35500F9AAE5 /* Models */ = {
			isa = PBXGroup;
			children = (
				3F305B9C1E77F36200F9AAE5 /* Todo.swift */,
			);
			name = Models;
			sourceTree = "<group>";
		};
		3F44DCB11E76FDE5009398D8 = {
			isa = PBXGroup;
			children = (
				3F44DCBC1E76FDE5009398D8 /* FitsappTodos */,
				3F44DCBB1E76FDE5009398D8 /* Products */,
				4AA91D076FFB642F169D3544 /* Pods */,
				27572912618190AAF9E9991F /* Frameworks */,
			);
			sourceTree = "<group>";
		};
		3F44DCBB1E76FDE5009398D8 /* Products */ = {
			isa = PBXGroup;
			children = (
				3F44DCBA1E76FDE5009398D8 /* FitsappTodos.app */,
			);
			name = Products;
			sourceTree = "<group>";
		};
		3F44DCBC1E76FDE5009398D8 /* FitsappTodos */ = {
			isa = PBXGroup;
			children = (
				3F305B9B1E77F35500F9AAE5 /* Models */,
				3F305B941E775DA100F9AAE5 /* Storyboards */,
				3F305B911E775C8600F9AAE5 /* Views */,
				3F305B901E775C7D00F9AAE5 /* Controllers */,
				3F305B8F1E775C6A00F9AAE5 /* Helper */,
				3F44DCC41E76FDE5009398D8 /* Assets.xcassets */,
				3F44DCC91E76FDE6009398D8 /* Info.plist */,
			);
			path = FitsappTodos;
			sourceTree = "<group>";
		};
		4AA91D076FFB642F169D3544 /* Pods */ = {
			isa = PBXGroup;
			children = (
				84FFB16BC4097E0C6CD425BD /* Pods-FitsappTodos.debug.xcconfig */,
				399BCBD5C7EE2E18FD2A6FB8 /* Pods-FitsappTodos.release.xcconfig */,
			);
			name = Pods;
			sourceTree = "<group>";
		};
/* End PBXGroup section */

/* Begin PBXNativeTarget section */
		3F44DCB91E76FDE5009398D8 /* FitsappTodos */ = {
			isa = PBXNativeTarget;
			buildConfigurationList = 3F44DCCC1E76FDE6009398D8 /* Build configuration list for PBXNativeTarget "FitsappTodos" */;
			buildPhases = (
				04AB86A3CDB37F895A18F918 /* [CP] Check Pods Manifest.lock */,
				3F44DCB61E76FDE5009398D8 /* Sources */,
				3F44DCB71E76FDE5009398D8 /* Frameworks */,
				3F44DCB81E76FDE5009398D8 /* Resources */,
				DCEC4CD2F6AEB9410FCE3ECF /* [CP] Embed Pods Frameworks */,
				63A1AB5D62C634CBBBB5AB89 /* [CP] Copy Pods Resources */,
			);
			buildRules = (
			);
			dependencies = (
			);
			name = FitsappTodos;
			productName = FitsappTodos;
			productReference = 3F44DCBA1E76FDE5009398D8 /* FitsappTodos.app */;
			productType = "com.apple.product-type.application";
		};
/* End PBXNativeTarget section */

/* Begin PBXProject section */
		3F44DCB21E76FDE5009398D8 /* Project object */ = {
			isa = PBXProject;
			attributes = {
				LastSwiftUpdateCheck = 0820;
				LastUpgradeCheck = 0820;
				ORGANIZATIONNAME = "Luca Hagel";
				TargetAttributes = {
					3F44DCB91E76FDE5009398D8 = {
						CreatedOnToolsVersion = 8.2.1;
						DevelopmentTeam = CX3J8KNDJA;
						ProvisioningStyle = Automatic;
					};
				};
			};
			buildConfigurationList = 3F44DCB51E76FDE5009398D8 /* Build configuration list for PBXProject "FitsappTodos" */;
			compatibilityVersion = "Xcode 3.2";
			developmentRegion = English;
			hasScannedForEncodings = 0;
			knownRegions = (
				en,
				Base,
			);
			mainGroup = 3F44DCB11E76FDE5009398D8;
			productRefGroup = 3F44DCBB1E76FDE5009398D8 /* Products */;
			projectDirPath = "";
			projectRoot = "";
			targets = (
				3F44DCB91E76FDE5009398D8 /* FitsappTodos */,
			);
		};
/* End PBXProject section */

/* Begin PBXResourcesBuildPhase section */
		3F44DCB81E76FDE5009398D8 /* Resources */ = {
			isa = PBXResourcesBuildPhase;
			buildActionMask = 2147483647;
			files = (
				3F44DCC81E76FDE5009398D8 /* LaunchScreen.storyboard in Resources */,
				3F44DCC51E76FDE5009398D8 /* Assets.xcassets in Resources */,
				3F44DCC31E76FDE5009398D8 /* Main.storyboard in Resources */,
			);
			runOnlyForDeploymentPostprocessing = 0;
		};
/* End PBXResourcesBuildPhase section */

/* Begin PBXShellScriptBuildPhase section */
		04AB86A3CDB37F895A18F918 /* [CP] Check Pods Manifest.lock */ = {
			isa = PBXShellScriptBuildPhase;
			buildActionMask = 2147483647;
			files = (
			);
			inputPaths = (
			);
			name = "[CP] Check Pods Manifest.lock";
			outputPaths = (
			);
			runOnlyForDeploymentPostprocessing = 0;
			shellPath = /bin/sh;
			shellScript = "diff \"${PODS_ROOT}/../Podfile.lock\" \"${PODS_ROOT}/Manifest.lock\" > /dev/null\nif [ $? != 0 ] ; then\n    # print error to STDERR\n    echo \"error: The sandbox is not in sync with the Podfile.lock. Run 'pod install' or update your CocoaPods installation.\" >&2\n    exit 1\nfi\n";
			showEnvVarsInLog = 0;
		};
		63A1AB5D62C634CBBBB5AB89 /* [CP] Copy Pods Resources */ = {
			isa = PBXShellScriptBuildPhase;
			buildActionMask = 2147483647;
			files = (
			);
			inputPaths = (
			);
			name = "[CP] Copy Pods Resources";
			outputPaths = (
			);
			runOnlyForDeploymentPostprocessing = 0;
			shellPath = /bin/sh;
			shellScript = "\"${SRCROOT}/Pods/Target Support Files/Pods-FitsappTodos/Pods-FitsappTodos-resources.sh\"\n";
			showEnvVarsInLog = 0;
		};
		DCEC4CD2F6AEB9410FCE3ECF /* [CP] Embed Pods Frameworks */ = {
			isa = PBXShellScriptBuildPhase;
			buildActionMask = 2147483647;
			files = (
			);
			inputPaths = (
			);
			name = "[CP] Embed Pods Frameworks";
			outputPaths = (
			);
			runOnlyForDeploymentPostprocessing = 0;
			shellPath = /bin/sh;
			shellScript = "\"${SRCROOT}/Pods/Target Support Files/Pods-FitsappTodos/Pods-FitsappTodos-frameworks.sh\"\n";
			showEnvVarsInLog = 0;
		};
/* End PBXShellScriptBuildPhase section */

/* Begin PBXSourcesBuildPhase section */
		3F44DCB61E76FDE5009398D8 /* Sources */ = {
			isa = PBXSourcesBuildPhase;
			buildActionMask = 2147483647;
			files = (
				3F305B961E77E66900F9AAE5 /* RealmHelper.swift in Sources */,
				3F305B9F1E77FE8C00F9AAE5 /* DateExtension.swift in Sources */,
				3F305B9D1E77F36200F9AAE5 /* Todo.swift in Sources */,
				3F44DCBE1E76FDE5009398D8 /* AppDelegate.swift in Sources */,
				3F305B931E775CFB00F9AAE5 /* TodoItemTableViewCell.swift in Sources */,
				3F305B981E77E71200F9AAE5 /* TodoListTableViewController.swift in Sources */,
			);
			runOnlyForDeploymentPostprocessing = 0;
		};
/* End PBXSourcesBuildPhase section */

/* Begin PBXVariantGroup section */
		3F44DCC11E76FDE5009398D8 /* Main.storyboard */ = {
			isa = PBXVariantGroup;
			children = (
				3F44DCC21E76FDE5009398D8 /* Base */,
			);
			name = Main.storyboard;
			sourceTree = "<group>";
		};
		3F44DCC61E76FDE5009398D8 /* LaunchScreen.storyboard */ = {
			isa = PBXVariantGroup;
			children = (
				3F44DCC71E76FDE5009398D8 /* Base */,
			);
			name = LaunchScreen.storyboard;
			sourceTree = "<group>";
		};
/* End PBXVariantGroup section */

/* Begin XCBuildConfiguration section */
		3F44DCCA1E76FDE6009398D8 /* Debug */ = {
			isa = XCBuildConfiguration;
			buildSettings = {
				ALWAYS_SEARCH_USER_PATHS = NO;
				CLANG_ANALYZER_NONNULL = YES;
				CLANG_CXX_LANGUAGE_STANDARD = "gnu++0x";
				CLANG_CXX_LIBRARY = "libc++";
				CLANG_ENABLE_MODULES = YES;
				CLANG_ENABLE_OBJC_ARC = YES;
				CLANG_WARN_BOOL_CONVERSION = YES;
				CLANG_WARN_CONSTANT_CONVERSION = YES;
				CLANG_WARN_DIRECT_OBJC_ISA_USAGE = YES_ERROR;
				CLANG_WARN_DOCUMENTATION_COMMENTS = YES;
				CLANG_WARN_EMPTY_BODY = YES;
				CLANG_WARN_ENUM_CONVERSION = YES;
				CLANG_WARN_INFINITE_RECURSION = YES;
				CLANG_WARN_INT_CONVERSION = YES;
				CLANG_WARN_OBJC_ROOT_CLASS = YES_ERROR;
				CLANG_WARN_SUSPICIOUS_MOVE = YES;
				CLANG_WARN_UNREACHABLE_CODE = YES;
				CLANG_WARN__DUPLICATE_METHOD_MATCH = YES;
				"CODE_SIGN_IDENTITY[sdk=iphoneos*]" = "iPhone Developer";
				COPY_PHASE_STRIP = NO;
				DEBUG_INFORMATION_FORMAT = dwarf;
				ENABLE_STRICT_OBJC_MSGSEND = YES;
				ENABLE_TESTABILITY = YES;
				GCC_C_LANGUAGE_STANDARD = gnu99;
				GCC_DYNAMIC_NO_PIC = NO;
				GCC_NO_COMMON_BLOCKS = YES;
				GCC_OPTIMIZATION_LEVEL = 0;
				GCC_PREPROCESSOR_DEFINITIONS = (
					"DEBUG=1",
					"$(inherited)",
				);
				GCC_WARN_64_TO_32_BIT_CONVERSION = YES;
				GCC_WARN_ABOUT_RETURN_TYPE = YES_ERROR;
				GCC_WARN_UNDECLARED_SELECTOR = YES;
				GCC_WARN_UNINITIALIZED_AUTOS = YES_AGGRESSIVE;
				GCC_WARN_UNUSED_FUNCTION = YES;
				GCC_WARN_UNUSED_VARIABLE = YES;
				IPHONEOS_DEPLOYMENT_TARGET = 10.2;
				MTL_ENABLE_DEBUG_INFO = YES;
				ONLY_ACTIVE_ARCH = YES;
				SDKROOT = iphoneos;
				SWIFT_ACTIVE_COMPILATION_CONDITIONS = DEBUG;
				SWIFT_OPTIMIZATION_LEVEL = "-Onone";
				TARGETED_DEVICE_FAMILY = "1,2";
			};
			name = Debug;
		};
		3F44DCCB1E76FDE6009398D8 /* Release */ = {
			isa = XCBuildConfiguration;
			buildSettings = {
				ALWAYS_SEARCH_USER_PATHS = NO;
				CLANG_ANALYZER_NONNULL = YES;
				CLANG_CXX_LANGUAGE_STANDARD = "gnu++0x";
				CLANG_CXX_LIBRARY = "libc++";
				CLANG_ENABLE_MODULES = YES;
				CLANG_ENABLE_OBJC_ARC = YES;
				CLANG_WARN_BOOL_CONVERSION = YES;
				CLANG_WARN_CONSTANT_CONVERSION = YES;
				CLANG_WARN_DIRECT_OBJC_ISA_USAGE = YES_ERROR;
				CLANG_WARN_DOCUMENTATION_COMMENTS = YES;
				CLANG_WARN_EMPTY_BODY = YES;
				CLANG_WARN_ENUM_CONVERSION = YES;
				CLANG_WARN_INFINITE_RECURSION = YES;
				CLANG_WARN_INT_CONVERSION = YES;
				CLANG_WARN_OBJC_ROOT_CLASS = YES_ERROR;
				CLANG_WARN_SUSPICIOUS_MOVE = YES;
				CLANG_WARN_UNREACHABLE_CODE = YES;
				CLANG_WARN__DUPLICATE_METHOD_MATCH = YES;
				"CODE_SIGN_IDENTITY[sdk=iphoneos*]" = "iPhone Developer";
				COPY_PHASE_STRIP = NO;
				DEBUG_INFORMATION_FORMAT = "dwarf-with-dsym";
				ENABLE_NS_ASSERTIONS = NO;
				ENABLE_STRICT_OBJC_MSGSEND = YES;
				GCC_C_LANGUAGE_STANDARD = gnu99;
				GCC_NO_COMMON_BLOCKS = YES;
				GCC_WARN_64_TO_32_BIT_CONVERSION = YES;
				GCC_WARN_ABOUT_RETURN_TYPE = YES_ERROR;
				GCC_WARN_UNDECLARED_SELECTOR = YES;
				GCC_WARN_UNINITIALIZED_AUTOS = YES_AGGRESSIVE;
				GCC_WARN_UNUSED_FUNCTION = YES;
				GCC_WARN_UNUSED_VARIABLE = YES;
				IPHONEOS_DEPLOYMENT_TARGET = 10.2;
				MTL_ENABLE_DEBUG_INFO = NO;
				SDKROOT = iphoneos;
				SWIFT_OPTIMIZATION_LEVEL = "-Owholemodule";
				TARGETED_DEVICE_FAMILY = "1,2";
				VALIDATE_PRODUCT = YES;
			};
			name = Release;
		};
		3F44DCCD1E76FDE6009398D8 /* Debug */ = {
			isa = XCBuildConfiguration;
			baseConfigurationReference = 84FFB16BC4097E0C6CD425BD /* Pods-FitsappTodos.debug.xcconfig */;
			buildSettings = {
				ALWAYS_EMBED_SWIFT_STANDARD_LIBRARIES = YES;
				ASSETCATALOG_COMPILER_APPICON_NAME = AppIcon;
				DEVELOPMENT_TEAM = CX3J8KNDJA;
				INFOPLIST_FILE = FitsappTodos/Info.plist;
				LD_RUNPATH_SEARCH_PATHS = "$(inherited) @executable_path/Frameworks";
				PRODUCT_BUNDLE_IDENTIFIER = tech.luhagel.FitsappTodos;
				PRODUCT_NAME = "$(TARGET_NAME)";
				SWIFT_VERSION = 3.0;
			};
			name = Debug;
		};
		3F44DCCE1E76FDE6009398D8 /* Release */ = {
			isa = XCBuildConfiguration;
			baseConfigurationReference = 399BCBD5C7EE2E18FD2A6FB8 /* Pods-FitsappTodos.release.xcconfig */;
			buildSettings = {
				ALWAYS_EMBED_SWIFT_STANDARD_LIBRARIES = YES;
				ASSETCATALOG_COMPILER_APPICON_NAME = AppIcon;
				DEVELOPMENT_TEAM = CX3J8KNDJA;
				INFOPLIST_FILE = FitsappTodos/Info.plist;
				LD_RUNPATH_SEARCH_PATHS = "$(inherited) @executable_path/Frameworks";
				PRODUCT_BUNDLE_IDENTIFIER = tech.luhagel.FitsappTodos;
				PRODUCT_NAME = "$(TARGET_NAME)";
				SWIFT_VERSION = 3.0;
			};
			name = Release;
		};
/* End XCBuildConfiguration section */

/* Begin XCConfigurationList section */
		3F44DCB51E76FDE5009398D8 /* Build configuration list for PBXProject "FitsappTodos" */ = {
			isa = XCConfigurationList;
			buildConfigurations = (
				3F44DCCA1E76FDE6009398D8 /* Debug */,
				3F44DCCB1E76FDE6009398D8 /* Release */,
			);
			defaultConfigurationIsVisible = 0;
			defaultConfigurationName = Release;
		};
		3F44DCCC1E76FDE6009398D8 /* Build configuration list for PBXNativeTarget "FitsappTodos" */ = {
			isa = XCConfigurationList;
			buildConfigurations = (
				3F44DCCD1E76FDE6009398D8 /* Debug */,
				3F44DCCE1E76FDE6009398D8 /* Release */,
			);
			defaultConfigurationIsVisible = 0;
			defaultConfigurationName = Release;
		};
/* End XCConfigurationList section */
	};
	rootObject = 3F44DCB21E76FDE5009398D8 /* Project object */;
}
